// !$*UTF8*$!
{
	archiveVersion = 1;
	classes = {
	};
	objectVersion = 46;
	objects = {

/* Begin PBXBuildFile section */
		F59F38CD1AF8013100A3FF17 /* AppDelegate.swift in Sources */ = {isa = PBXBuildFile; fileRef = F59F38CC1AF8013100A3FF17 /* AppDelegate.swift */; };
		F59F38CF1AF8013100A3FF17 /* ViewController.swift in Sources */ = {isa = PBXBuildFile; fileRef = F59F38CE1AF8013100A3FF17 /* ViewController.swift */; };
		F59F38D21AF8013100A3FF17 /* Main.storyboard in Resources */ = {isa = PBXBuildFile; fileRef = F59F38D01AF8013100A3FF17 /* Main.storyboard */; };
		F59F38D41AF8013100A3FF17 /* Images.xcassets in Resources */ = {isa = PBXBuildFile; fileRef = F59F38D31AF8013100A3FF17 /* Images.xcassets */; };
		F59F38D71AF8013100A3FF17 /* LaunchScreen.xib in Resources */ = {isa = PBXBuildFile; fileRef = F59F38D51AF8013100A3FF17 /* LaunchScreen.xib */; };
		F59F38E31AF8013100A3FF17 /* musicTests.swift in Sources */ = {isa = PBXBuildFile; fileRef = F59F38E21AF8013100A3FF17 /* musicTests.swift */; };
/* End PBXBuildFile section */

/* Begin PBXContainerItemProxy section */
		F59F38DD1AF8013100A3FF17 /* PBXContainerItemProxy */ = {
			isa = PBXContainerItemProxy;
			containerPortal = F59F38BF1AF8013100A3FF17 /* Project object */;
			proxyType = 1;
			remoteGlobalIDString = F59F38C61AF8013100A3FF17;
			remoteInfo = music;
		};
/* End PBXContainerItemProxy section */

/* Begin PBXFileReference section */
		F59F38C71AF8013100A3FF17 /* music.app */ = {isa = PBXFileReference; explicitFileType = wrapper.application; includeInIndex = 0; path = music.app; sourceTree = BUILT_PRODUCTS_DIR; };
		F59F38CB1AF8013100A3FF17 /* Info.plist */ = {isa = PBXFileReference; lastKnownFileType = text.plist.xml; path = Info.plist; sourceTree = "<group>"; };
		F59F38CC1AF8013100A3FF17 /* AppDelegate.swift */ = {isa = PBXFileReference; lastKnownFileType = sourcecode.swift; path = AppDelegate.swift; sourceTree = "<group>"; };
		F59F38CE1AF8013100A3FF17 /* ViewController.swift */ = {isa = PBXFileReference; lastKnownFileType = sourcecode.swift; path = ViewController.swift; sourceTree = "<group>"; };
		F59F38D11AF8013100A3FF17 /* Base */ = {isa = PBXFileReference; lastKnownFileType = file.storyboard; name = Base; path = Base.lproj/Main.storyboard; sourceTree = "<group>"; };
		F59F38D31AF8013100A3FF17 /* Images.xcassets */ = {isa = PBXFileReference; lastKnownFileType = folder.assetcatalog; path = Images.xcassets; sourceTree = "<group>"; };
		F59F38D61AF8013100A3FF17 /* Base */ = {isa = PBXFileReference; lastKnownFileType = file.xib; name = Base; path = Base.lproj/LaunchScreen.xib; sourceTree = "<group>"; };
		F59F38DC1AF8013100A3FF17 /* musicTests.xctest */ = {isa = PBXFileReference; explicitFileType = wrapper.cfbundle; includeInIndex = 0; path = musicTests.xctest; sourceTree = BUILT_PRODUCTS_DIR; };
		F59F38E11AF8013100A3FF17 /* Info.plist */ = {isa = PBXFileReference; lastKnownFileType = text.plist.xml; path = Info.plist; sourceTree = "<group>"; };
		F59F38E21AF8013100A3FF17 /* musicTests.swift */ = {isa = PBXFileReference; lastKnownFileType = sourcecode.swift; path = musicTests.swift; sourceTree = "<group>"; };
/* End PBXFileReference section */

/* Begin PBXFrameworksBuildPhase section */
		F59F38C41AF8013100A3FF17 /* Frameworks */ = {
			isa = PBXFrameworksBuildPhase;
			buildActionMask = 2147483647;
			files = (
			);
			runOnlyForDeploymentPostprocessing = 0;
		};
		F59F38D91AF8013100A3FF17 /* Frameworks */ = {
			isa = PBXFrameworksBuildPhase;
			buildActionMask = 2147483647;
			files = (
			);
			runOnlyForDeploymentPostprocessing = 0;
		};
/* End PBXFrameworksBuildPhase section */

/* Begin PBXGroup section */
		F59F38BE1AF8013100A3FF17 = {
			isa = PBXGroup;
			children = (
				F59F38C91AF8013100A3FF17 /* music */,
				F59F38DF1AF8013100A3FF17 /* musicTests */,
				F59F38C81AF8013100A3FF17 /* Products */,
			);
			sourceTree = "<group>";
		};
		F59F38C81AF8013100A3FF17 /* Products */ = {
			isa = PBXGroup;
			children = (
				F59F38C71AF8013100A3FF17 /* music.app */,
				F59F38DC1AF8013100A3FF17 /* musicTests.xctest */,
			);
			name = Products;
			sourceTree = "<group>";
		};
		F59F38C91AF8013100A3FF17 /* music */ = {
			isa = PBXGroup;
			children = (
				F59F38CC1AF8013100A3FF17 /* AppDelegate.swift */,
				F59F38CE1AF8013100A3FF17 /* ViewController.swift */,
				F59F38D01AF8013100A3FF17 /* Main.storyboard */,
				F59F38D31AF8013100A3FF17 /* Images.xcassets */,
				F59F38D51AF8013100A3FF17 /* LaunchScreen.xib */,
				F59F38CA1AF8013100A3FF17 /* Supporting Files */,
			);
			path = music;
			sourceTree = "<group>";
		};
		F59F38CA1AF8013100A3FF17 /* Supporting Files */ = {
			isa = PBXGroup;
			children = (
				F59F38CB1AF8013100A3FF17 /* Info.plist */,
			);
			name = "Supporting Files";
			sourceTree = "<group>";
		};
		F59F38DF1AF8013100A3FF17 /* musicTests */ = {
			isa = PBXGroup;
			children = (
				F59F38E21AF8013100A3FF17 /* musicTests.swift */,
				F59F38E01AF8013100A3FF17 /* Supporting Files */,
			);
			path = musicTests;
			sourceTree = "<group>";
		};
		F59F38E01AF8013100A3FF17 /* Supporting Files */ = {
			isa = PBXGroup;
			children = (
				F59F38E11AF8013100A3FF17 /* Info.plist */,
			);
			name = "Supporting Files";
			sourceTree = "<group>";
		};
/* End PBXGroup section */

/* Begin PBXNativeTarget section */
		F59F38C61AF8013100A3FF17 /* music */ = {
			isa = PBXNativeTarget;
			buildConfigurationList = F59F38E61AF8013100A3FF17 /* Build configuration list for PBXNativeTarget "music" */;
			buildPhases = (
				F59F38C31AF8013100A3FF17 /* Sources */,
				F59F38C41AF8013100A3FF17 /* Frameworks */,
				F59F38C51AF8013100A3FF17 /* Resources */,
			);
			buildRules = (
			);
			dependencies = (
			);
			name = music;
			productName = music;
			productReference = F59F38C71AF8013100A3FF17 /* music.app */;
			productType = "com.apple.product-type.application";
		};
		F59F38DB1AF8013100A3FF17 /* musicTests */ = {
			isa = PBXNativeTarget;
			buildConfigurationList = F59F38E91AF8013100A3FF17 /* Build configuration list for PBXNativeTarget "musicTests" */;
			buildPhases = (
				F59F38D81AF8013100A3FF17 /* Sources */,
				F59F38D91AF8013100A3FF17 /* Frameworks */,
				F59F38DA1AF8013100A3FF17 /* Resources */,
			);
			buildRules = (
			);
			dependencies = (
				F59F38DE1AF8013100A3FF17 /* PBXTargetDependency */,
			);
			name = musicTests;
			productName = musicTests;
			productReference = F59F38DC1AF8013100A3FF17 /* musicTests.xctest */;
			productType = "com.apple.product-type.bundle.unit-test";
		};
/* End PBXNativeTarget section */

/* Begin PBXProject section */
		F59F38BF1AF8013100A3FF17 /* Project object */ = {
			isa = PBXProject;
			attributes = {
				LastUpgradeCheck = 0630;
				ORGANIZATIONNAME = "ozcan akkoca";
				TargetAttributes = {
					F59F38C61AF8013100A3FF17 = {
						CreatedOnToolsVersion = 6.3.1;
					};
					F59F38DB1AF8013100A3FF17 = {
						CreatedOnToolsVersion = 6.3.1;
						TestTargetID = F59F38C61AF8013100A3FF17;
					};
				};
			};
			buildConfigurationList = F59F38C21AF8013100A3FF17 /* Build configuration list for PBXProject "music" */;
			compatibilityVersion = "Xcode 3.2";
			developmentRegion = English;
			hasScannedForEncodings = 0;
			knownRegions = (
				en,
				Base,
			);
			mainGroup = F59F38BE1AF8013100A3FF17;
			productRefGroup = F59F38C81AF8013100A3FF17 /* Products */;
			projectDirPath = "";
			projectRoot = "";
			targets = (
				F59F38C61AF8013100A3FF17 /* music */,
				F59F38DB1AF8013100A3FF17 /* musicTests */,
			);
		};
/* End PBXProject section */

/* Begin PBXResourcesBuildPhase section */
		F59F38C51AF8013100A3FF17 /* Resources */ = {
			isa = PBXResourcesBuildPhase;
			buildActionMask = 2147483647;
			files = (
				F59F38D21AF8013100A3FF17 /* Main.storyboard in Resources */,
				F59F38D71AF8013100A3FF17 /* LaunchScreen.xib in Resources */,
				F59F38D41AF8013100A3FF17 /* Images.xcassets in Resources */,
			);
			runOnlyForDeploymentPostprocessing = 0;
		};
		F59F38DA1AF8013100A3FF17 /* Resources */ = {
			isa = PBXResourcesBuildPhase;
			buildActionMask = 2147483647;
			files = (
			);
			runOnlyForDeploymentPostprocessing = 0;
		};
/* End PBXResourcesBuildPhase section */

/* Begin PBXSourcesBuildPhase section */
		F59F38C31AF8013100A3FF17 /* Sources */ = {
			isa = PBXSourcesBuildPhase;
			buildActionMask = 2147483647;
			files = (
				F59F38CF1AF8013100A3FF17 /* ViewController.swift in Sources */,
				F59F38CD1AF8013100A3FF17 /* AppDelegate.swift in Sources */,
			);
			runOnlyForDeploymentPostprocessing = 0;
		};
		F59F38D81AF8013100A3FF17 /* Sources */ = {
			isa = PBXSourcesBuildPhase;
			buildActionMask = 2147483647;
			files = (
				F59F38E31AF8013100A3FF17 /* musicTests.swift in Sources */,
			);
			runOnlyForDeploymentPostprocessing = 0;
		};
/* End PBXSourcesBuildPhase section */

/* Begin PBXTargetDependency section */
		F59F38DE1AF8013100A3FF17 /* PBXTargetDependency */ = {
			isa = PBXTargetDependency;
			target = F59F38C61AF8013100A3FF17 /* music */;
			targetProxy = F59F38DD1AF8013100A3FF17 /* PBXContainerItemProxy */;
		};
/* End PBXTargetDependency section */

/* Begin PBXVariantGroup section */
		F59F38D01AF8013100A3FF17 /* Main.storyboard */ = {
			isa = PBXVariantGroup;
			children = (
				F59F38D11AF8013100A3FF17 /* Base */,
			);
			name = Main.storyboard;
			sourceTree = "<group>";
		};
		F59F38D51AF8013100A3FF17 /* LaunchScreen.xib */ = {
			isa = PBXVariantGroup;
			children = (
				F59F38D61AF8013100A3FF17 /* Base */,
			);
			name = LaunchScreen.xib;
			sourceTree = "<group>";
		};
/* End PBXVariantGroup section */

/* Begin XCBuildConfiguration section */
		F59F38E41AF8013100A3FF17 /* Debug */ = {
			isa = XCBuildConfiguration;
			buildSettings = {
				ALWAYS_SEARCH_USER_PATHS = NO;
				CLANG_CXX_LANGUAGE_STANDARD = "gnu++0x";
				CLANG_CXX_LIBRARY = "libc++";
				CLANG_ENABLE_MODULES = YES;
				CLANG_ENABLE_OBJC_ARC = YES;
				CLANG_WARN_BOOL_CONVERSION = YES;
				CLANG_WARN_CONSTANT_CONVERSION = YES;
				CLANG_WARN_DIRECT_OBJC_ISA_USAGE = YES_ERROR;
				CLANG_WARN_EMPTY_BODY = YES;
				CLANG_WARN_ENUM_CONVERSION = YES;
				CLANG_WARN_INT_CONVERSION = YES;
				CLANG_WARN_OBJC_ROOT_CLASS = YES_ERROR;
				CLANG_WARN_UNREACHABLE_CODE = YES;
				CLANG_WARN__DUPLICATE_METHOD_MATCH = YES;
				"CODE_SIGN_IDENTITY[sdk=iphoneos*]" = "iPhone Developer";
				COPY_PHASE_STRIP = NO;
				DEBUG_INFORMATION_FORMAT = "dwarf-with-dsym";
				ENABLE_STRICT_OBJC_MSGSEND = YES;
				GCC_C_LANGUAGE_STANDARD = gnu99;
				GCC_DYNAMIC_NO_PIC = NO;
				GCC_NO_COMMON_BLOCKS = YES;
				GCC_OPTIMIZATION_LEVEL = 0;
				GCC_PREPROCESSOR_DEFINITIONS = (
					"DEBUG=1",
					"$(inherited)",
				);
				GCC_SYMBOLS_PRIVATE_EXTERN = NO;
				GCC_WARN_64_TO_32_BIT_CONVERSION = YES;
				GCC_WARN_ABOUT_RETURN_TYPE = YES_ERROR;
				GCC_WARN_UNDECLARED_SELECTOR = YES;
				GCC_WARN_UNINITIALIZED_AUTOS = YES_AGGRESSIVE;
				GCC_WARN_UNUSED_FUNCTION = YES;
				GCC_WARN_UNUSED_VARIABLE = YES;
				IPHONEOS_DEPLOYMENT_TARGET = 8.3;
				MTL_ENABLE_DEBUG_INFO = YES;
				ONLY_ACTIVE_ARCH = YES;
				SDKROOT = iphoneos;
				SWIFT_OPTIMIZATION_LEVEL = "-Onone";
				TARGETED_DEVICE_FAMILY = "1,2";
			};
			name = Debug;
		};
		F59F38E51AF8013100A3FF17 /* Release */ = {
			isa = XCBuildConfiguration;
			buildSettings = {
				ALWAYS_SEARCH_USER_PATHS = NO;
				CLANG_CXX_LANGUAGE_STANDARD = "gnu++0x";
				CLANG_CXX_LIBRARY = "libc++";
				CLANG_ENABLE_MODULES = YES;
				CLANG_ENABLE_OBJC_ARC = YES;
				CLANG_WARN_BOOL_CONVERSION = YES;
				CLANG_WARN_CONSTANT_CONVERSION = YES;
				CLANG_WARN_DIRECT_OBJC_ISA_USAGE = YES_ERROR;
				CLANG_WARN_EMPTY_BODY = YES;
				CLANG_WARN_ENUM_CONVERSION = YES;
				CLANG_WARN_INT_CONVERSION = YES;
				CLANG_WARN_OBJC_ROOT_CLASS = YES_ERROR;
				CLANG_WARN_UNREACHABLE_CODE = YES;
				CLANG_WARN__DUPLICATE_METHOD_MATCH = YES;
				"CODE_SIGN_IDENTITY[sdk=iphoneos*]" = "iPhone Developer";
				COPY_PHASE_STRIP = NO;
				DEBUG_INFORMATION_FORMAT = "dwarf-with-dsym";
				ENABLE_NS_ASSERTIONS = NO;
				ENABLE_STRICT_OBJC_MSGSEND = YES;
				GCC_C_LANGUAGE_STANDARD = gnu99;
				GCC_NO_COMMON_BLOCKS = YES;
				GCC_WARN_64_TO_32_BIT_CONVERSION = YES;
				GCC_WARN_ABOUT_RETURN_TYPE = YES_ERROR;
				GCC_WARN_UNDECLARED_SELECTOR = YES;
				GCC_WARN_UNINITIALIZED_AUTOS = YES_AGGRESSIVE;
				GCC_WARN_UNUSED_FUNCTION = YES;
				GCC_WARN_UNUSED_VARIABLE = YES;
				IPHONEOS_DEPLOYMENT_TARGET = 8.3;
				MTL_ENABLE_DEBUG_INFO = NO;
				SDKROOT = iphoneos;
				TARGETED_DEVICE_FAMILY = "1,2";
				VALIDATE_PRODUCT = YES;
			};
			name = Release;
		};
		F59F38E71AF8013100A3FF17 /* Debug */ = {
			isa = XCBuildConfiguration;
			buildSettings = {
				ASSETCATALOG_COMPILER_APPICON_NAME = AppIcon;
				INFOPLIST_FILE = music/Info.plist;
				LD_RUNPATH_SEARCH_PATHS = "$(inherited) @executable_path/Frameworks";
				PRODUCT_NAME = "$(TARGET_NAME)";
			};
			name = Debug;
		};
		F59F38E81AF8013100A3FF17 /* Release */ = {
			isa = XCBuildConfiguration;
			buildSettings = {
				ASSETCATALOG_COMPILER_APPICON_NAME = AppIcon;
				INFOPLIST_FILE = music/Info.plist;
				LD_RUNPATH_SEARCH_PATHS = "$(inherited) @executable_path/Frameworks";
				PRODUCT_NAME = "$(TARGET_NAME)";
			};
			name = Release;
		};
		F59F38EA1AF8013100A3FF17 /* Debug */ = {
			isa = XCBuildConfiguration;
			buildSettings = {
				BUNDLE_LOADER = "$(TEST_HOST)";
				FRAMEWORK_SEARCH_PATHS = (
					"$(SDKROOT)/Developer/Library/Frameworks",
					"$(inherited)",
				);
				GCC_PREPROCESSOR_DEFINITIONS = (
					"DEBUG=1",
					"$(inherited)",
				);
				INFOPLIST_FILE = musicTests/Info.plist;
				LD_RUNPATH_SEARCH_PATHS = "$(inherited) @executable_path/Frameworks @loader_path/Frameworks";
				PRODUCT_NAME = "$(TARGET_NAME)";
				TEST_HOST = "$(BUILT_PRODUCTS_DIR)/music.app/music";
			};
			name = Debug;
		};
		F59F38EB1AF8013100A3FF17 /* Release */ = {
			isa = XCBuildConfiguration;
			buildSettings = {
				BUNDLE_LOADER = "$(TEST_HOST)";
				FRAMEWORK_SEARCH_PATHS = (
					"$(SDKROOT)/Developer/Library/Frameworks",
					"$(inherited)",
				);
				INFOPLIST_FILE = musicTests/Info.plist;
				LD_RUNPATH_SEARCH_PATHS = "$(inherited) @executable_path/Frameworks @loader_path/Frameworks";
				PRODUCT_NAME = "$(TARGET_NAME)";
				TEST_HOST = "$(BUILT_PRODUCTS_DIR)/music.app/music";
			};
			name = Release;
		};
/* End XCBuildConfiguration section */

/* Begin XCConfigurationList section */
		F59F38C21AF8013100A3FF17 /* Build configuration list for PBXProject "music" */ = {
			isa = XCConfigurationList;
			buildConfigurations = (
				F59F38E41AF8013100A3FF17 /* Debug */,
				F59F38E51AF8013100A3FF17 /* Release */,
			);
			defaultConfigurationIsVisible = 0;
			defaultConfigurationName = Release;
		};
		F59F38E61AF8013100A3FF17 /* Build configuration list for PBXNativeTarget "music" */ = {
			isa = XCConfigurationList;
			buildConfigurations = (
				F59F38E71AF8013100A3FF17 /* Debug */,
				F59F38E81AF8013100A3FF17 /* Release */,
			);
			defaultConfigurationIsVisible = 0;
		};
		F59F38E91AF8013100A3FF17 /* Build configuration list for PBXNativeTarget "musicTests" */ = {
			isa = XCConfigurationList;
			buildConfigurations = (
				F59F38EA1AF8013100A3FF17 /* Debug */,
				F59F38EB1AF8013100A3FF17 /* Release */,
			);
			defaultConfigurationIsVisible = 0;
		};
/* End XCConfigurationList section */
	};
	rootObject = F59F38BF1AF8013100A3FF17 /* Project object */;
}
